Microsoft Visual Studio Solution File, Format Version 12.00
# Visual Studio Version 17
VisualStudioVersion = 17.5.2.0
MinimumVisualStudioVersion = 10.0.40219.1
Project("{FAE04EC0-301F-11D3-BF4B-00C04F79EFBC}") = "DesafioStefanini", "DesafioStefanini.csproj", "{A9BC4013-81F8-1EA4-F803-1D09C0C44712}"
EndProject
Global
	GlobalSection(SolutionConfigurationPlatforms) = preSolution
		Debug|Any CPU = Debug|Any CPU
		Release|Any CPU = Release|Any CPU
	EndGlobalSection
	GlobalSection(ProjectConfigurationPlatforms) = postSolution
		{A9BC4013-81F8-1EA4-F803-1D09C0C44712}.Debug|Any CPU.ActiveCfg = Debug|Any CPU
		{A9BC4013-81F8-1EA4-F803-1D09C0C44712}.Debug|Any CPU.Build.0 = Debug|Any CPU
		{A9BC4013-81F8-1EA4-F803-1D09C0C44712}.Release|Any CPU.ActiveCfg = Release|Any CPU
		{A9BC4013-81F8-1EA4-F803-1D09C0C44712}.Release|Any CPU.Build.0 = Release|Any CPU
	EndGlobalSection
	GlobalSection(SolutionProperties) = preSolution
		HideSolutionNode = FALSE
	EndGlobalSection
	GlobalSection(ExtensibilityGlobals) = postSolution
		SolutionGuid = {426ED3DF-C7C8-4C62-A59E-B6A4B211DD66}
	EndGlobalSection
EndGlobal
